
Microsoft Visual Studio Solution File, Format Version 12.00
Project("{FAE04EC0-301F-11D3-BF4B-00C04F79EFBC}") = "ProgressionFramework_Dante_Level0", "ProgressionFramework_Dante_Level0\ProgressionFramework_Dante_Level0.csproj", "{44A4655A-6D52-43DE-8966-B403B1316BE4}"
EndProject
Project("{FAE04EC0-301F-11D3-BF4B-00C04F79EFBC}") = "GlobalHelpers", "GlobalHelpers\GlobalHelpers.csproj", "{C459AAA3-526C-401B-9F08-81EC4ED5C470}"
EndProject
Project("{FAE04EC0-301F-11D3-BF4B-00C04F79EFBC}") = "Program", "Program\Program.csproj", "{4B78C374-D38F-4A84-B959-081602B11BB8}"
EndProject
Project("{FAE04EC0-301F-11D3-BF4B-00C04F79EFBC}") = "ConwaysGameOfLife", "ConwaysGameOfLife\ConwaysGameOfLife.csproj", "{C3D8EDFF-02D2-43AF-9EF1-3188E432829B}"
EndProject
Project("{FAE04EC0-301F-11D3-BF4B-00C04F79EFBC}") = "GameOfLife", "GameOfLife\GameOfLife.csproj", "{499DFED4-A1C8-4367-94E9-4BC6DEB24784}"
EndProject
Global
	GlobalSection(SolutionConfigurationPlatforms) = preSolution
		Debug|Any CPU = Debug|Any CPU
		Release|Any CPU = Release|Any CPU
	EndGlobalSection
	GlobalSection(ProjectConfigurationPlatforms) = postSolution
		{44A4655A-6D52-43DE-8966-B403B1316BE4}.Debug|Any CPU.ActiveCfg = Debug|Any CPU
		{44A4655A-6D52-43DE-8966-B403B1316BE4}.Debug|Any CPU.Build.0 = Debug|Any CPU
		{44A4655A-6D52-43DE-8966-B403B1316BE4}.Release|Any CPU.ActiveCfg = Release|Any CPU
		{44A4655A-6D52-43DE-8966-B403B1316BE4}.Release|Any CPU.Build.0 = Release|Any CPU
		{C459AAA3-526C-401B-9F08-81EC4ED5C470}.Debug|Any CPU.ActiveCfg = Debug|Any CPU
		{C459AAA3-526C-401B-9F08-81EC4ED5C470}.Debug|Any CPU.Build.0 = Debug|Any CPU
		{C459AAA3-526C-401B-9F08-81EC4ED5C470}.Release|Any CPU.ActiveCfg = Release|Any CPU
		{C459AAA3-526C-401B-9F08-81EC4ED5C470}.Release|Any CPU.Build.0 = Release|Any CPU
		{4B78C374-D38F-4A84-B959-081602B11BB8}.Debug|Any CPU.ActiveCfg = Debug|Any CPU
		{4B78C374-D38F-4A84-B959-081602B11BB8}.Debug|Any CPU.Build.0 = Debug|Any CPU
		{4B78C374-D38F-4A84-B959-081602B11BB8}.Release|Any CPU.ActiveCfg = Release|Any CPU
		{4B78C374-D38F-4A84-B959-081602B11BB8}.Release|Any CPU.Build.0 = Release|Any CPU
		{C3D8EDFF-02D2-43AF-9EF1-3188E432829B}.Debug|Any CPU.ActiveCfg = Debug|Any CPU
		{C3D8EDFF-02D2-43AF-9EF1-3188E432829B}.Debug|Any CPU.Build.0 = Debug|Any CPU
		{C3D8EDFF-02D2-43AF-9EF1-3188E432829B}.Release|Any CPU.ActiveCfg = Release|Any CPU
		{C3D8EDFF-02D2-43AF-9EF1-3188E432829B}.Release|Any CPU.Build.0 = Release|Any CPU
		{499DFED4-A1C8-4367-94E9-4BC6DEB24784}.Debug|Any CPU.ActiveCfg = Debug|Any CPU
		{499DFED4-A1C8-4367-94E9-4BC6DEB24784}.Debug|Any CPU.Build.0 = Debug|Any CPU
		{499DFED4-A1C8-4367-94E9-4BC6DEB24784}.Release|Any CPU.ActiveCfg = Release|Any CPU
		{499DFED4-A1C8-4367-94E9-4BC6DEB24784}.Release|Any CPU.Build.0 = Release|Any CPU
	EndGlobalSection
EndGlobal
